
Microsoft Visual Studio Solution File, Format Version 12.00
# Visual Studio Version 16
VisualStudioVersion = 16.0.30621.155
MinimumVisualStudioVersion = 10.0.40219.1
Project("{FAE04EC0-301F-11D3-BF4B-00C04F79EFBC}") = "MovieRegistration", "MovieRegistration\MovieRegistration.csproj", "{427E5517-1235-46C1-B1BD-E86112BC234E}"
EndProject
Global
	GlobalSection(SolutionConfigurationPlatforms) = preSolution
		Debug|Any CPU = Debug|Any CPU
		Release|Any CPU = Release|Any CPU
	EndGlobalSection
	GlobalSection(ProjectConfigurationPlatforms) = postSolution
		{427E5517-1235-46C1-B1BD-E86112BC234E}.Debug|Any CPU.ActiveCfg = Debug|Any CPU
		{427E5517-1235-46C1-B1BD-E86112BC234E}.Debug|Any CPU.Build.0 = Debug|Any CPU
		{427E5517-1235-46C1-B1BD-E86112BC234E}.Release|Any CPU.ActiveCfg = Release|Any CPU
		{427E5517-1235-46C1-B1BD-E86112BC234E}.Release|Any CPU.Build.0 = Release|Any CPU
	EndGlobalSection
	GlobalSection(SolutionProperties) = preSolution
		HideSolutionNode = FALSE
	EndGlobalSection
	GlobalSection(ExtensibilityGlobals) = postSolution
		SolutionGuid = {CCBB87FB-3553-41DF-822F-AF81125E44D1}
	EndGlobalSection
EndGlobal
